
Microsoft Visual Studio Solution File, Format Version 12.00
# Visual Studio 2013
VisualStudioVersion = 12.0.30723.0
MinimumVisualStudioVersion = 10.0.40219.1
Project("{FAE04EC0-301F-11D3-BF4B-00C04F79EFBC}") = "MigrateDataFromExcel", "MigrateDataFromExcel\MigrateDataFromExcel.csproj", "{2329AAB0-D7A4-4F74-BBA4-D6D6A0673CA7}"
EndProject
Project("{FAE04EC0-301F-11D3-BF4B-00C04F79EFBC}") = "TestProject", "TestProject\TestProject.csproj", "{44A7E2B7-65A1-4118-8901-F6641954D5B5}"
EndProject
Global
	GlobalSection(SolutionConfigurationPlatforms) = preSolution
		Debug|Any CPU = Debug|Any CPU
		Release|Any CPU = Release|Any CPU
	EndGlobalSection
	GlobalSection(ProjectConfigurationPlatforms) = postSolution
		{2329AAB0-D7A4-4F74-BBA4-D6D6A0673CA7}.Debug|Any CPU.ActiveCfg = Debug|Any CPU
		{2329AAB0-D7A4-4F74-BBA4-D6D6A0673CA7}.Debug|Any CPU.Build.0 = Debug|Any CPU
		{2329AAB0-D7A4-4F74-BBA4-D6D6A0673CA7}.Release|Any CPU.ActiveCfg = Release|Any CPU
		{2329AAB0-D7A4-4F74-BBA4-D6D6A0673CA7}.Release|Any CPU.Build.0 = Release|Any CPU
		{44A7E2B7-65A1-4118-8901-F6641954D5B5}.Debug|Any CPU.ActiveCfg = Debug|Any CPU
		{44A7E2B7-65A1-4118-8901-F6641954D5B5}.Debug|Any CPU.Build.0 = Debug|Any CPU
		{44A7E2B7-65A1-4118-8901-F6641954D5B5}.Release|Any CPU.ActiveCfg = Release|Any CPU
		{44A7E2B7-65A1-4118-8901-F6641954D5B5}.Release|Any CPU.Build.0 = Release|Any CPU
	EndGlobalSection
	GlobalSection(SolutionProperties) = preSolution
		HideSolutionNode = FALSE
	EndGlobalSection
EndGlobal
